<?xml version="1.0" encoding="utf-8"?>
<Project ToolsVersion="16.0" xmlns="http://schemas.microsoft.com/developer/msbuild/2003">
  <ItemGroup>
    <ClCompile Include="main.cpp">
      <Filter>Source Files</Filter>
    </ClCompile>
    <ClCompile Include="src\global_parameters.cpp">
      <Filter>Source Files\src</Filter>
    </ClCompile>
    <ClCompile Include="src\kalmanfilter.cpp">
      <Filter>Source Files\src</Filter>
    </ClCompile>
    <ClCompile Include="src\manage_tracker.cpp">
      <Filter>Source Files\src</Filter>
    </ClCompile>
    <ClCompile Include="src\yolo_detect_batch.cpp">
      <Filter>Source Files\src</Filter>
    </ClCompile>
    <ClCompile Include="src\hungarian.cpp">
      <Filter>Source Files\src</Filter>
    </ClCompile>
    <ClCompile Include="src\utils.cpp">
      <Filter>Source Files\src</Filter>
    </ClCompile>
  </ItemGroup>
  <ItemGroup>
    <Filter Include="Source Files">
      <UniqueIdentifier>{F23262D7-7A28-3657-BA8F-128552BB4444}</UniqueIdentifier>
    </Filter>
    <Filter Include="Source Files\src">
      <UniqueIdentifier>{dcf67b8a-0b29-43e1-a5d3-e5b338aa8f56}</UniqueIdentifier>
    </Filter>
    <Filter Include="Source Files\include">
      <UniqueIdentifier>{e5a45f35-942a-449b-883f-99647fd9cf8d}</UniqueIdentifier>
    </Filter>
    <Filter Include="Source Files\config">
      <UniqueIdentifier>{71505ed4-596f-4481-bb4f-6d08dffc88ff}</UniqueIdentifier>
    </Filter>
  </ItemGroup>
  <ItemGroup>
    <ClInclude Include="include\global_parameters.h">
      <Filter>Source Files\include</Filter>
    </ClInclude>
    <ClInclude Include="include\hungarian.h">
      <Filter>Source Files\include</Filter>
    </ClInclude>
    <ClInclude Include="include\kalmanfilter.h">
      <Filter>Source Files\include</Filter>
    </ClInclude>
    <ClInclude Include="include\manage_tracker.h">
      <Filter>Source Files\include</Filter>
    </ClInclude>
    <ClInclude Include="include\yolo_detect_batch.h">
      <Filter>Source Files\include</Filter>
    </ClInclude>
    <ClInclude Include="include\utils.h">
      <Filter>Source Files\include</Filter>
    </ClInclude>
  </ItemGroup>
  <ItemGroup>
    <Text Include="config\default.txt">
      <Filter>Source Files\config</Filter>
    </Text>
  </ItemGroup>
</Project>